
Microsoft Visual Studio Solution File, Format Version 12.00
# Visual Studio Version 17
VisualStudioVersion = 17.8.34322.80
MinimumVisualStudioVersion = 10.0.40219.1
Project("{FAE04EC0-301F-11D3-BF4B-00C04F79EFBC}") = "Backend", "Backend\Backend.csproj", "{5B062FAA-3BC6-4D0F-9C12-44028A15610F}"
EndProject
Project("{FAE04EC0-301F-11D3-BF4B-00C04F79EFBC}") = "LANHQ_Data", "LANHQ_Data\LANHQ_Data.csproj", "{A881353D-8DE8-4CAA-95CC-402A443F2F13}"
EndProject
Global
	GlobalSection(SolutionConfigurationPlatforms) = preSolution
		Debug|Any CPU = Debug|Any CPU
		Release|Any CPU = Release|Any CPU
	EndGlobalSection
	GlobalSection(ProjectConfigurationPlatforms) = postSolution
		{5B062FAA-3BC6-4D0F-9C12-44028A15610F}.Debug|Any CPU.ActiveCfg = Debug|Any CPU
		{5B062FAA-3BC6-4D0F-9C12-44028A15610F}.Debug|Any CPU.Build.0 = Debug|Any CPU
		{5B062FAA-3BC6-4D0F-9C12-44028A15610F}.Release|Any CPU.ActiveCfg = Release|Any CPU
		{5B062FAA-3BC6-4D0F-9C12-44028A15610F}.Release|Any CPU.Build.0 = Release|Any CPU
		{A881353D-8DE8-4CAA-95CC-402A443F2F13}.Debug|Any CPU.ActiveCfg = Debug|Any CPU
		{A881353D-8DE8-4CAA-95CC-402A443F2F13}.Debug|Any CPU.Build.0 = Debug|Any CPU
		{A881353D-8DE8-4CAA-95CC-402A443F2F13}.Release|Any CPU.ActiveCfg = Release|Any CPU
		{A881353D-8DE8-4CAA-95CC-402A443F2F13}.Release|Any CPU.Build.0 = Release|Any CPU
	EndGlobalSection
	GlobalSection(SolutionProperties) = preSolution
		HideSolutionNode = FALSE
	EndGlobalSection
	GlobalSection(ExtensibilityGlobals) = postSolution
		SolutionGuid = {E53F5AE6-16EF-4A02-B10F-6F84427E89C2}
	EndGlobalSection
EndGlobal
