
Microsoft Visual Studio Solution File, Format Version 12.00
# Visual Studio Version 17
VisualStudioVersion = 17.8.34322.80
MinimumVisualStudioVersion = 10.0.40219.1
Project("{FAE04EC0-301F-11D3-BF4B-00C04F79EFBC}") = "WebAPI", "WebAPI\WebAPI.csproj", "{331427F6-1941-4E3F-B42B-D6F77783E120}"
	ProjectSection(ProjectDependencies) = postProject
		{5F24A58B-E434-4FF0-9411-34332E56AC8B} = {5F24A58B-E434-4FF0-9411-34332E56AC8B}
		{EB030A93-B500-47ED-B96C-A1F2A59F9B50} = {EB030A93-B500-47ED-B96C-A1F2A59F9B50}
	EndProjectSection
EndProject
Project("{FAE04EC0-301F-11D3-BF4B-00C04F79EFBC}") = "Infrastructure", "Infrastructure\Infrastructure.csproj", "{5F24A58B-E434-4FF0-9411-34332E56AC8B}"
EndProject
Project("{FAE04EC0-301F-11D3-BF4B-00C04F79EFBC}") = "Core", "Core\Core.csproj", "{EB030A93-B500-47ED-B96C-A1F2A59F9B50}"
EndProject
Global
	GlobalSection(SolutionConfigurationPlatforms) = preSolution
		Debug|Any CPU = Debug|Any CPU
		Release|Any CPU = Release|Any CPU
	EndGlobalSection
	GlobalSection(ProjectConfigurationPlatforms) = postSolution
		{331427F6-1941-4E3F-B42B-D6F77783E120}.Debug|Any CPU.ActiveCfg = Debug|Any CPU
		{331427F6-1941-4E3F-B42B-D6F77783E120}.Debug|Any CPU.Build.0 = Debug|Any CPU
		{331427F6-1941-4E3F-B42B-D6F77783E120}.Release|Any CPU.ActiveCfg = Release|Any CPU
		{331427F6-1941-4E3F-B42B-D6F77783E120}.Release|Any CPU.Build.0 = Release|Any CPU
		{5F24A58B-E434-4FF0-9411-34332E56AC8B}.Debug|Any CPU.ActiveCfg = Debug|Any CPU
		{5F24A58B-E434-4FF0-9411-34332E56AC8B}.Debug|Any CPU.Build.0 = Debug|Any CPU
		{5F24A58B-E434-4FF0-9411-34332E56AC8B}.Release|Any CPU.ActiveCfg = Release|Any CPU
		{5F24A58B-E434-4FF0-9411-34332E56AC8B}.Release|Any CPU.Build.0 = Release|Any CPU
		{EB030A93-B500-47ED-B96C-A1F2A59F9B50}.Debug|Any CPU.ActiveCfg = Debug|Any CPU
		{EB030A93-B500-47ED-B96C-A1F2A59F9B50}.Debug|Any CPU.Build.0 = Debug|Any CPU
		{EB030A93-B500-47ED-B96C-A1F2A59F9B50}.Release|Any CPU.ActiveCfg = Release|Any CPU
		{EB030A93-B500-47ED-B96C-A1F2A59F9B50}.Release|Any CPU.Build.0 = Release|Any CPU
	EndGlobalSection
	GlobalSection(SolutionProperties) = preSolution
		HideSolutionNode = FALSE
	EndGlobalSection
	GlobalSection(ExtensibilityGlobals) = postSolution
		SolutionGuid = {E53F5AE6-16EF-4A02-B10F-6F84427E89C2}
	EndGlobalSection
EndGlobal
